PODS:
  - AFNetworking (3.1.0):
    - AFNetworking/NSURLSession (= 3.1.0)
    - AFNetworking/Reachability (= 3.1.0)
    - AFNetworking/Security (= 3.1.0)
    - AFNetworking/Serialization (= 3.1.0)
    - AFNetworking/UIKit (= 3.1.0)
  - AFNetworking/NSURLSession (3.1.0):
    - AFNetworking/Reachability
    - AFNetworking/Security
    - AFNetworking/Serialization
  - AFNetworking/Reachability (3.1.0)
  - AFNetworking/Security (3.1.0)
  - AFNetworking/Serialization (3.1.0)
  - AFNetworking/UIKit (3.1.0):
    - AFNetworking/NSURLSession
  - DLLHTTPRequest/Source (0.2.2):
    - AFNetworking

DEPENDENCIES:
  - DLLHTTPRequest/Source (from `../`)

EXTERNAL SOURCES:
  DLLHTTPRequest:
    :path: ../

SPEC CHECKSUMS:
  AFNetworking: 5e0e199f73d8626b11e79750991f5d173d1f8b67
  DLLHTTPRequest: a021ccdfd26002bbe9efc6d0d670dd0ebcafb0c4

PODFILE CHECKSUM: 46d29c5ae1db3e6a0ec53bbda97f5a61e59af74c

COCOAPODS: 1.1.1
