PODS:
  - AFNetworking (3.1.0):
    - AFNetworking/NSURLSession (= 3.1.0)
    - AFNetworking/Reachability (= 3.1.0)
    - AFNetworking/Security (= 3.1.0)
    - AFNetworking/Serialization (= 3.1.0)
    - AFNetworking/UIKit (= 3.1.0)
  - AFNetworking/NSURLSession (3.1.0):
    - AFNetworking/Reachability
    - AFNetworking/Security
    - AFNetworking/Serialization
  - AFNetworking/Reachability (3.1.0)
  - AFNetworking/Security (3.1.0)
  - AFNetworking/Serialization (3.1.0)
  - AFNetworking/UIKit (3.1.0):
    - AFNetworking/NSURLSession
  - DLLHTTPRequest/Source (0.2.4):
    - AFNetworking

DEPENDENCIES:
  - DLLHTTPRequest/Source (from `../`)

EXTERNAL SOURCES:
  DLLHTTPRequest:
    :path: ../

SPEC CHECKSUMS:
  AFNetworking: 5e0e199f73d8626b11e79750991f5d173d1f8b67
  DLLHTTPRequest: ca84394e0c733b584ed85277807a491f0826edcc

PODFILE CHECKSUM: ba31cf357cff772207a1d0916cd8513789942fb8

COCOAPODS: 1.1.1
